
Microsoft Visual Studio Solution File, Format Version 12.00
# Visual Studio Version 16
VisualStudioVersion = 16.0.29409.12
MinimumVisualStudioVersion = 10.0.40219.1
Project("{8BC9CEB8-8B4A-11D0-8D11-00A0C91BC942}") = "gong", "gong\gong.vcxproj", "{91C9EA52-E4D6-414D-B081-BE5C5E4FF48C}"
EndProject
Global
	GlobalSection(SolutionConfigurationPlatforms) = preSolution
		Debug|x64 = Debug|x64
		Debug|x86 = Debug|x86
		Release|x64 = Release|x64
		Release|x86 = Release|x86
	EndGlobalSection
	GlobalSection(ProjectConfigurationPlatforms) = postSolution
		{91C9EA52-E4D6-414D-B081-BE5C5E4FF48C}.Debug|x64.ActiveCfg = Debug|x64
		{91C9EA52-E4D6-414D-B081-BE5C5E4FF48C}.Debug|x64.Build.0 = Debug|x64
		{91C9EA52-E4D6-414D-B081-BE5C5E4FF48C}.Debug|x86.ActiveCfg = Debug|Win32
		{91C9EA52-E4D6-414D-B081-BE5C5E4FF48C}.Debug|x86.Build.0 = Debug|Win32
		{91C9EA52-E4D6-414D-B081-BE5C5E4FF48C}.Release|x64.ActiveCfg = Release|x64
		{91C9EA52-E4D6-414D-B081-BE5C5E4FF48C}.Release|x64.Build.0 = Release|x64
		{91C9EA52-E4D6-414D-B081-BE5C5E4FF48C}.Release|x86.ActiveCfg = Release|Win32
		{91C9EA52-E4D6-414D-B081-BE5C5E4FF48C}.Release|x86.Build.0 = Release|Win32
	EndGlobalSection
	GlobalSection(SolutionProperties) = preSolution
		HideSolutionNode = FALSE
	EndGlobalSection
	GlobalSection(ExtensibilityGlobals) = postSolution
		SolutionGuid = {19E901C6-0499-4147-85C5-CB54F619FA99}
	EndGlobalSection
EndGlobal
